{
  "name": "pcln-modal",
  "version": "1.0.0",
  "lockfileVersion": 1,
  "requires": true,
  "dependencies": {
    "@babel/runtime": {
      "version": "7.1.2",
      "resolved": "https://npm.prod.pcln.com/repository/npm-all/@babel/runtime/-/runtime-7.1.2.tgz",
      "integrity": "sha512-Y3SCjmhSupzFB6wcv1KmmFucH6gDVnI30WjOcicV10ju0cZjak3Jcs67YLIXBrmZYw1xCrVeJPbycFwrqNyxpg==",
      "requires": {
        "regenerator-runtime": "^0.12.0"
      },
      "dependencies": {
        "regenerator-runtime": {
          "version": "0.12.1",
          "resolved": "https://npm.prod.pcln.com/repository/npm-all/regenerator-runtime/-/regenerator-runtime-0.12.1.tgz",
          "integrity": "sha512-odxIc1/vDlo4iZcfXqRYFj0vpXFNoGdKMAUieAlFYO6m/nl5e9KR/beGf41z4a1FI+aQgtjhuaSlDxQ0hmkrHg=="
        }
      }
    },
    "@reach/component-component": {
      "version": "0.1.1",
      "resolved": "https://npm.prod.pcln.com/repository/npm-all/@reach/component-component/-/component-component-0.1.1.tgz",
      "integrity": "sha512-4HxyyOLo/nDg0LlgYvzgqpTGaxqKmrZB8/y5wWhtyvGzgKAb1DJzSnYRaFsgGGgkQAQmhwPXKZ0H/rOAkxXJ8Q=="
    },
    "@reach/dialog": {
      "version": "0.1.2",
      "resolved": "https://npm.prod.pcln.com/repository/npm-all/@reach/dialog/-/dialog-0.1.2.tgz",
      "integrity": "sha512-aaBS2a4ZNKGpqsjCdZukYhjf1x75sZ1lQrYg9mJq21Nfz9kk0Yx6zn4LR7ZYxgqkGj5/CQOSciGuUPF+Z8k9nA==",
      "requires": {
        "@reach/component-component": "^0.1.1",
        "@reach/portal": "^0.1.1",
        "@reach/utils": "^0.1.2",
        "focus-trap": "^3.0.0"
      }
    },
    "@reach/portal": {
      "version": "0.1.1",
      "resolved": "https://npm.prod.pcln.com/repository/npm-all/@reach/portal/-/portal-0.1.1.tgz",
      "integrity": "sha512-AWsOH2TLfetlUzw3wbpy6n8trnuFI7N/HB2jYjrBRP5IbG/PmgrVQiL/HFP/OsCbbOo0rK7AsKnG7qyOf0r4Tg==",
      "requires": {
        "@reach/component-component": "^0.1.1"
      }
    },
    "@reach/utils": {
      "version": "0.1.2",
      "resolved": "https://npm.prod.pcln.com/repository/npm-all/@reach/utils/-/utils-0.1.2.tgz",
      "integrity": "sha512-HpDR5BeCApr3HufQtpg0P5b9sl0S66zikZSMtC/2jZBvrDzjVaT9O8PbKTQqW0PdkMNrnBkX1UtlrrM1TN3/Og=="
    },
    "add-dom-event-listener": {
      "version": "1.1.0",
      "resolved": "https://npm.prod.pcln.com/repository/npm-all/add-dom-event-listener/-/add-dom-event-listener-1.1.0.tgz",
      "integrity": "sha512-WCxx1ixHT0GQU9hb0KI/mhgRQhnU+U3GvwY6ZvVjYq8rsihIGoaIOUbY0yMPBxLH5MDtr0kz3fisWGNcbWW7Jw==",
      "dev": true,
      "requires": {
        "object-assign": "4.x"
      }
    },
    "asap": {
      "version": "2.0.6",
      "resolved": "https://npm.prod.pcln.com/repository/npm-all/asap/-/asap-2.0.6.tgz",
      "integrity": "sha1-5QNHYR1+aQlDIIu9r+vLwvuGbUY=",
      "dev": true
    },
    "babel-runtime": {
      "version": "6.26.0",
      "resolved": "https://npm.prod.pcln.com/repository/npm-all/babel-runtime/-/babel-runtime-6.26.0.tgz",
      "integrity": "sha1-llxwWGaOgrVde/4E/yM3vItWR/4=",
      "dev": true,
      "requires": {
        "core-js": "^2.4.0",
        "regenerator-runtime": "^0.11.0"
      }
    },
    "base64-js": {
      "version": "1.3.0",
      "resolved": "https://npm.prod.pcln.com/repository/npm-all/base64-js/-/base64-js-1.3.0.tgz",
      "integrity": "sha512-ccav/yGvoa80BQDljCxsmmQ3Xvx60/UpBIij5QN21W3wBi/hhIC9OoO+KLpu9IJTS9j4DRVJ3aDDF9cMSoa2lw==",
      "dev": true
    },
    "buffer": {
      "version": "5.2.1",
      "resolved": "https://npm.prod.pcln.com/repository/npm-all/buffer/-/buffer-5.2.1.tgz",
      "integrity": "sha512-c+Ko0loDaFfuPWiL02ls9Xd3GO3cPVmUobQ6t3rXNUk304u6hGq+8N/kFi+QEIKhzK3uwolVhLzszmfLmMLnqg==",
      "dev": true,
      "requires": {
        "base64-js": "^1.0.2",
        "ieee754": "^1.1.4"
      }
    },
    "classnames": {
      "version": "2.2.6",
      "resolved": "https://npm.prod.pcln.com/repository/npm-all/classnames/-/classnames-2.2.6.tgz",
      "integrity": "sha512-JR/iSQOSt+LQIWwrwEzJ9uk0xfN3mTVYMwt1Ir5mUcSN6pU+V4zQFFaJsclJbPuAUQH+yfWef6tm7l1quW3C8Q==",
      "dev": true
    },
    "component-classes": {
      "version": "1.2.6",
      "resolved": "https://npm.prod.pcln.com/repository/npm-all/component-classes/-/component-classes-1.2.6.tgz",
      "integrity": "sha1-xkI5TDYYpNiwuJGe/Mu9kw5c1pE=",
      "dev": true,
      "requires": {
        "component-indexof": "0.0.3"
      }
    },
    "component-indexof": {
      "version": "0.0.3",
      "resolved": "https://npm.prod.pcln.com/repository/npm-all/component-indexof/-/component-indexof-0.0.3.tgz",
      "integrity": "sha1-EdCRMSI5648yyPJa6csAL/6NPCQ=",
      "dev": true
    },
    "core-js": {
      "version": "2.5.7",
      "resolved": "https://npm.prod.pcln.com/repository/npm-all/core-js/-/core-js-2.5.7.tgz",
      "integrity": "sha512-RszJCAxg/PP6uzXVXL6BsxSXx/B05oJAQ2vkJRjyjrEcNVycaqOmNb5OTxZPE3xa5gwZduqza6L9JOCenh/Ecw==",
      "dev": true
    },
    "css-animation": {
      "version": "1.4.1",
      "resolved": "https://npm.prod.pcln.com/repository/npm-all/css-animation/-/css-animation-1.4.1.tgz",
      "integrity": "sha1-W4gTEl3g+7uwu+G0cq6EIhRpt6g=",
      "dev": true,
      "requires": {
        "babel-runtime": "6.x",
        "component-classes": "^1.2.5"
      }
    },
    "css-color-keywords": {
      "version": "1.0.0",
      "resolved": "https://npm.prod.pcln.com/repository/npm-all/css-color-keywords/-/css-color-keywords-1.0.0.tgz",
      "integrity": "sha1-/qJhbcZ2spYmhrOvjb2+GAskTgU=",
      "dev": true
    },
    "css-to-react-native": {
      "version": "2.2.2",
      "resolved": "https://npm.prod.pcln.com/repository/npm-all/css-to-react-native/-/css-to-react-native-2.2.2.tgz",
      "integrity": "sha512-w99Fzop1FO8XKm0VpbQp3y5mnTnaS+rtCvS+ylSEOK76YXO5zoHQx/QMB1N54Cp+Ya9jB9922EHrh14ld4xmmw==",
      "dev": true,
      "requires": {
        "css-color-keywords": "^1.0.0",
        "fbjs": "^0.8.5",
        "postcss-value-parser": "^3.3.0"
      }
    },
    "dom-align": {
      "version": "1.8.0",
      "resolved": "https://npm.prod.pcln.com/repository/npm-all/dom-align/-/dom-align-1.8.0.tgz",
      "integrity": "sha512-B85D4ef2Gj5lw0rK0KM2+D5/pH7yqNxg2mB+E8uzFaolpm7RQmsxEfjyEuNiF8UBBkffumYDeKRzTzc3LePP+w==",
      "dev": true
    },
    "encoding": {
      "version": "0.1.12",
      "resolved": "https://npm.prod.pcln.com/repository/npm-all/encoding/-/encoding-0.1.12.tgz",
      "integrity": "sha1-U4tm8+5izRq1HsMjgp0flIDHS+s=",
      "dev": true,
      "requires": {
        "iconv-lite": "~0.4.13"
      }
    },
    "fbjs": {
      "version": "0.8.17",
      "resolved": "https://npm.prod.pcln.com/repository/npm-all/fbjs/-/fbjs-0.8.17.tgz",
      "integrity": "sha1-xNWY6taUkRJlPWWIsBpc3Nn5D90=",
      "dev": true,
      "requires": {
        "core-js": "^1.0.0",
        "isomorphic-fetch": "^2.1.1",
        "loose-envify": "^1.0.0",
        "object-assign": "^4.1.0",
        "promise": "^7.1.1",
        "setimmediate": "^1.0.5",
        "ua-parser-js": "^0.7.18"
      },
      "dependencies": {
        "core-js": {
          "version": "1.2.7",
          "resolved": "https://npm.prod.pcln.com/repository/npm-all/core-js/-/core-js-1.2.7.tgz",
          "integrity": "sha1-ZSKUwUZR2yj6k70tX/KYOk8IxjY=",
          "dev": true
        }
      }
    },
    "focus-trap": {
      "version": "3.0.0",
      "resolved": "https://npm.prod.pcln.com/repository/npm-all/focus-trap/-/focus-trap-3.0.0.tgz",
      "integrity": "sha512-jTFblf0tLWbleGjj2JZsAKbgtZTdL1uC48L8FcmSDl4c2vDoU4NycN1kgV5vJhuq1mxNFkw7uWZ1JAGlINWvyw==",
      "requires": {
        "tabbable": "^3.1.0",
        "xtend": "^4.0.1"
      }
    },
    "has-flag": {
      "version": "1.0.0",
      "resolved": "https://npm.prod.pcln.com/repository/npm-all/has-flag/-/has-flag-1.0.0.tgz",
      "integrity": "sha1-nZ55MWXOAXoA8AQYxD+UKnsdEfo=",
      "dev": true
    },
    "hoist-non-react-statics": {
      "version": "2.5.5",
      "resolved": "https://npm.prod.pcln.com/repository/npm-all/hoist-non-react-statics/-/hoist-non-react-statics-2.5.5.tgz",
      "integrity": "sha512-rqcy4pJo55FTTLWt+bU8ukscqHeE/e9KWvsOW2b/a3afxQZhwkQdT1rPPCJ0rYXdj4vNcasY8zHTH+jF/qStxw==",
      "dev": true
    },
    "iconv-lite": {
      "version": "0.4.24",
      "resolved": "https://npm.prod.pcln.com/repository/npm-all/iconv-lite/-/iconv-lite-0.4.24.tgz",
      "integrity": "sha512-v3MXnZAcvnywkTUEZomIActle7RXXeedOR31wwl7VlyoXO4Qi9arvSenNQWne1TcRwhCL1HwLI21bEqdpj8/rA==",
      "dev": true,
      "requires": {
        "safer-buffer": ">= 2.1.2 < 3"
      }
    },
    "ieee754": {
      "version": "1.1.12",
      "resolved": "https://npm.prod.pcln.com/repository/npm-all/ieee754/-/ieee754-1.1.12.tgz",
      "integrity": "sha512-GguP+DRY+pJ3soyIiGPTvdiVXjZ+DbXOxGpXn3eMvNW4x4irjqXm4wHKscC+TfxSJ0yw/S1F24tqdMNsMZTiLA==",
      "dev": true
    },
    "is-stream": {
      "version": "1.1.0",
      "resolved": "https://npm.prod.pcln.com/repository/npm-all/is-stream/-/is-stream-1.1.0.tgz",
      "integrity": "sha1-EtSj3U5o4Lec6428hBc66A2RykQ=",
      "dev": true
    },
    "isomorphic-fetch": {
      "version": "2.2.1",
      "resolved": "https://npm.prod.pcln.com/repository/npm-all/isomorphic-fetch/-/isomorphic-fetch-2.2.1.tgz",
      "integrity": "sha1-YRrhrPFPXoH3KVB0coGf6XM1WKk=",
      "dev": true,
      "requires": {
        "node-fetch": "^1.0.1",
        "whatwg-fetch": ">=0.10.0"
      }
    },
    "js-tokens": {
      "version": "4.0.0",
      "resolved": "https://npm.prod.pcln.com/repository/npm-all/js-tokens/-/js-tokens-4.0.0.tgz",
      "integrity": "sha512-RdJUflcE3cUzKiMqQgsCu06FPu9UdIJO0beYbPhHN4k6apgJtifcoCtT9bcxOpYBtpD2kCM6Sbzg4CausW/PKQ==",
      "dev": true
    },
    "lodash._getnative": {
      "version": "3.9.1",
      "resolved": "https://npm.prod.pcln.com/repository/npm-all/lodash._getnative/-/lodash._getnative-3.9.1.tgz",
      "integrity": "sha1-VwvH3t5G1hzc3mh9ZdPuy6o6r/U=",
      "dev": true
    },
    "lodash.isarguments": {
      "version": "3.1.0",
      "resolved": "https://npm.prod.pcln.com/repository/npm-all/lodash.isarguments/-/lodash.isarguments-3.1.0.tgz",
      "integrity": "sha1-L1c9hcaiQon/AGY7SRwdM4/zRYo=",
      "dev": true
    },
    "lodash.isarray": {
      "version": "3.0.4",
      "resolved": "https://npm.prod.pcln.com/repository/npm-all/lodash.isarray/-/lodash.isarray-3.0.4.tgz",
      "integrity": "sha1-eeTriMNqgSKvhvhEqpvNhRtfu1U=",
      "dev": true
    },
    "lodash.keys": {
      "version": "3.1.2",
      "resolved": "https://npm.prod.pcln.com/repository/npm-all/lodash.keys/-/lodash.keys-3.1.2.tgz",
      "integrity": "sha1-TbwEcrFWvlCgsoaFXRvQsMZWCYo=",
      "dev": true,
      "requires": {
        "lodash._getnative": "^3.0.0",
        "lodash.isarguments": "^3.0.0",
        "lodash.isarray": "^3.0.0"
      }
    },
    "loose-envify": {
      "version": "1.4.0",
      "resolved": "https://npm.prod.pcln.com/repository/npm-all/loose-envify/-/loose-envify-1.4.0.tgz",
      "integrity": "sha512-lyuxPGr/Wfhrlem2CL/UcnUc1zcqKAImBDzukY7Y5F/yQiNdko6+fRLevlw1HgMySw7f611UIY408EtxRSoK3Q==",
      "dev": true,
      "requires": {
        "js-tokens": "^3.0.0 || ^4.0.0"
      }
    },
    "node-fetch": {
      "version": "1.7.3",
      "resolved": "https://npm.prod.pcln.com/repository/npm-all/node-fetch/-/node-fetch-1.7.3.tgz",
      "integrity": "sha512-NhZ4CsKx7cYm2vSrBAr2PvFOe6sWDf0UYLRqA6svUYg7+/TSfVAu49jYC4BvQ4Sms9SZgdqGBgroqfDhJdTyKQ==",
      "dev": true,
      "requires": {
        "encoding": "^0.1.11",
        "is-stream": "^1.0.1"
      }
    },
    "object-assign": {
      "version": "4.1.1",
      "resolved": "https://npm.prod.pcln.com/repository/npm-all/object-assign/-/object-assign-4.1.1.tgz",
      "integrity": "sha1-IQmtx5ZYh8/AXLvUQsrIv7s2CGM=",
      "dev": true
    },
    "pcln-design-system": {
      "version": "1.0.2",
      "resolved": "https://npm.prod.pcln.com/repository/npm-all/pcln-design-system/-/pcln-design-system-1.0.2.tgz",
      "integrity": "sha512-d7fNMIvr9eo2aCuIyZH0VE5ivCOgJnrxnC3lkZhG4AWzJVTWR1LsR/PF9moJu2jycSk74FwoMGN36h0TCDVnDw==",
      "dev": true,
      "requires": {
        "prop-types": "^15.5.10",
        "rc-slider": "^8.5.0",
        "styled-system": "^1.0.8"
      }
    },
    "performance-now": {
      "version": "2.1.0",
      "resolved": "https://npm.prod.pcln.com/repository/npm-all/performance-now/-/performance-now-2.1.0.tgz",
      "integrity": "sha1-Ywn04OX6kT7BxpMHrjZLSzd8nns=",
      "dev": true
    },
    "postcss-value-parser": {
      "version": "3.3.1",
      "resolved": "https://npm.prod.pcln.com/repository/npm-all/postcss-value-parser/-/postcss-value-parser-3.3.1.tgz",
      "integrity": "sha512-pISE66AbVkp4fDQ7VHBwRNXzAAKJjw4Vw7nWI/+Q3vuly7SNfgYXvm6i5IgFylHGK5sP/xHAbB7N49OS4gWNyQ==",
      "dev": true
    },
    "promise": {
      "version": "7.3.1",
      "resolved": "https://npm.prod.pcln.com/repository/npm-all/promise/-/promise-7.3.1.tgz",
      "integrity": "sha512-nolQXZ/4L+bP/UGlkfaIujX9BKxGwmQ9OT4mOt5yvy8iK1h3wqTEJCijzGANTCCl9nWjY41juyAn2K3Q1hLLTg==",
      "dev": true,
      "requires": {
        "asap": "~2.0.3"
      }
    },
    "prop-types": {
      "version": "15.6.2",
      "resolved": "https://npm.prod.pcln.com/repository/npm-all/prop-types/-/prop-types-15.6.2.tgz",
      "integrity": "sha512-3pboPvLiWD7dkI3qf3KbUe6hKFKa52w+AE0VCqECtf+QHAKgOL37tTaNCnuX1nAAQ4ZhyP+kYVKf8rLmJ/feDQ==",
      "dev": true,
      "requires": {
        "loose-envify": "^1.3.1",
        "object-assign": "^4.1.1"
      }
    },
    "raf": {
      "version": "3.4.1",
      "resolved": "https://npm.prod.pcln.com/repository/npm-all/raf/-/raf-3.4.1.tgz",
      "integrity": "sha512-Sq4CW4QhwOHE8ucn6J34MqtZCeWFP2aQSmrlroYgqAV1PjStIhJXxYuTgUIfkEk7zTLjmIjLmU5q+fbD1NnOJA==",
      "dev": true,
      "requires": {
        "performance-now": "^2.1.0"
      }
    },
    "rc-align": {
      "version": "2.4.3",
      "resolved": "https://npm.prod.pcln.com/repository/npm-all/rc-align/-/rc-align-2.4.3.tgz",
      "integrity": "sha512-h5KgyB5IXYR7iKpYFcMr54cuQ2eozPCZ11kbXPG5+6CWvmyJ+c0R/yjndVndiNk2G3MKcTMbJNdDv5DIckLAxQ==",
      "dev": true,
      "requires": {
        "babel-runtime": "^6.26.0",
        "dom-align": "^1.7.0",
        "prop-types": "^15.5.8",
        "rc-util": "^4.0.4"
      }
    },
    "rc-animate": {
      "version": "2.5.4",
      "resolved": "https://npm.prod.pcln.com/repository/npm-all/rc-animate/-/rc-animate-2.5.4.tgz",
      "integrity": "sha512-aYisNYRuOvH+r5/nxEHHUzk1celxPg4nMUOuBGHd77c6NZbZ5fcjHFgWF3/nPdRPbLaqY4Z7Q317EcLO41fOvQ==",
      "dev": true,
      "requires": {
        "babel-runtime": "6.x",
        "classnames": "^2.2.6",
        "css-animation": "^1.3.2",
        "prop-types": "15.x",
        "raf": "^3.4.0",
        "react-lifecycles-compat": "^3.0.4"
      }
    },
    "rc-slider": {
      "version": "8.6.3",
      "resolved": "https://npm.prod.pcln.com/repository/npm-all/rc-slider/-/rc-slider-8.6.3.tgz",
      "integrity": "sha512-kQaq3SJdb5EifYZxvMDotgClOJKIuAiidFr67hxNEeBv0GwUcwAToYmSWrP0B2ZCb5IYlr2csyiH0+xNomLDoA==",
      "dev": true,
      "requires": {
        "babel-runtime": "6.x",
        "classnames": "^2.2.5",
        "prop-types": "^15.5.4",
        "rc-tooltip": "^3.7.0",
        "rc-util": "^4.0.4",
        "shallowequal": "^1.0.1",
        "warning": "^3.0.0"
      }
    },
    "rc-tooltip": {
      "version": "3.7.3",
      "resolved": "https://npm.prod.pcln.com/repository/npm-all/rc-tooltip/-/rc-tooltip-3.7.3.tgz",
      "integrity": "sha512-dE2ibukxxkrde7wH9W8ozHKUO4aQnPZ6qBHtrTH9LoO836PjDdiaWO73fgPB05VfJs9FbZdmGPVEbXCeOP99Ww==",
      "dev": true,
      "requires": {
        "babel-runtime": "6.x",
        "prop-types": "^15.5.8",
        "rc-trigger": "^2.2.2"
      }
    },
    "rc-trigger": {
      "version": "2.6.2",
      "resolved": "https://npm.prod.pcln.com/repository/npm-all/rc-trigger/-/rc-trigger-2.6.2.tgz",
      "integrity": "sha512-op4xCu95/gdHVaysyxxiYxbY+Z+UcIBSUY9nQfLqm1FlitdtnAN+owD5iMPfnnsRXntgcQ5+RdYKNUFQT5DjzA==",
      "dev": true,
      "requires": {
        "babel-runtime": "6.x",
        "classnames": "^2.2.6",
        "prop-types": "15.x",
        "rc-align": "^2.4.0",
        "rc-animate": "2.x",
        "rc-util": "^4.4.0"
      }
    },
    "rc-util": {
      "version": "4.6.0",
      "resolved": "https://npm.prod.pcln.com/repository/npm-all/rc-util/-/rc-util-4.6.0.tgz",
      "integrity": "sha512-rbgrzm1/i8mgfwOI4t1CwWK7wGe+OwX+dNa7PVMgxZYPBADGh86eD4OcJO1UKGeajIMDUUKMluaZxvgraQIOmw==",
      "dev": true,
      "requires": {
        "add-dom-event-listener": "^1.1.0",
        "babel-runtime": "6.x",
        "prop-types": "^15.5.10",
        "shallowequal": "^0.2.2"
      },
      "dependencies": {
        "shallowequal": {
          "version": "0.2.2",
          "resolved": "https://npm.prod.pcln.com/repository/npm-all/shallowequal/-/shallowequal-0.2.2.tgz",
          "integrity": "sha1-HjL9W8q2rWiKSBLLDMBO/HXHAU4=",
          "dev": true,
          "requires": {
            "lodash.keys": "^3.1.2"
          }
        }
      }
    },
    "react": {
      "version": "16.6.0",
      "resolved": "https://npm.prod.pcln.com/repository/npm-all/react/-/react-16.6.0.tgz",
      "integrity": "sha512-zJPnx/jKtuOEXCbQ9BKaxDMxR0001/hzxXwYxG8septeyYGfsgAei6NgfbVgOhbY1WOP2o3VPs/E9HaN+9hV3Q==",
      "dev": true,
      "requires": {
        "loose-envify": "^1.1.0",
        "object-assign": "^4.1.1",
        "prop-types": "^15.6.2",
        "scheduler": "^0.10.0"
      }
    },
    "react-dom": {
      "version": "16.6.0",
      "resolved": "https://npm.prod.pcln.com/repository/npm-all/react-dom/-/react-dom-16.6.0.tgz",
      "integrity": "sha512-Stm2D9dXEUUAQdvpvhvFj/DEXwC2PAL/RwEMhoN4dvvD2ikTlJegEXf97xryg88VIAU22ZAP7n842l+9BTz6+w==",
      "dev": true,
      "requires": {
        "loose-envify": "^1.1.0",
        "object-assign": "^4.1.1",
        "prop-types": "^15.6.2",
        "scheduler": "^0.10.0"
      }
    },
    "react-is": {
      "version": "16.6.0",
      "resolved": "https://npm.prod.pcln.com/repository/npm-all/react-is/-/react-is-16.6.0.tgz",
      "integrity": "sha512-q8U7k0Fi7oxF1HvQgyBjPwDXeMplEsArnKt2iYhuIF86+GBbgLHdAmokL3XUFjTd7Q363OSNG55FOGUdONVn1g==",
      "dev": true
    },
    "react-lifecycles-compat": {
      "version": "3.0.4",
      "resolved": "https://npm.prod.pcln.com/repository/npm-all/react-lifecycles-compat/-/react-lifecycles-compat-3.0.4.tgz",
      "integrity": "sha512-fBASbA6LnOU9dOU2eW7aQ8xmYBSXUIWr+UmF9b1efZBazGNO+rcXT/icdKnYm2pTwcRylVUYwW7H1PHfLekVzA==",
      "dev": true
    },
    "react-spring": {
      "version": "6.1.6",
      "resolved": "https://npm.prod.pcln.com/repository/npm-all/react-spring/-/react-spring-6.1.6.tgz",
      "integrity": "sha512-h5gKG5PWj6mk66XUMdEUt26TOCTF3ILdkrqL6InAxGYdD6IJ9mg+KYJygBzheZxzRfkOu/b+tCX1w69eNZu1aw==",
      "requires": {
        "@babel/runtime": "^7.1.2"
      }
    },
    "react-test-renderer": {
      "version": "16.6.0",
      "resolved": "https://npm.prod.pcln.com/repository/npm-all/react-test-renderer/-/react-test-renderer-16.6.0.tgz",
      "integrity": "sha512-w+Y3YT7OX1LP5KO7HCd0YR34Ol1qmISHaooPNMRYa6QzmwtcWhEGuZPr34wO8UCBIokswuhyLQUq7rjPDcEtJA==",
      "dev": true,
      "requires": {
        "object-assign": "^4.1.1",
        "prop-types": "^15.6.2",
        "react-is": "^16.6.0",
        "scheduler": "^0.10.0"
      }
    },
    "regenerator-runtime": {
      "version": "0.11.1",
      "resolved": "https://npm.prod.pcln.com/repository/npm-all/regenerator-runtime/-/regenerator-runtime-0.11.1.tgz",
      "integrity": "sha512-MguG95oij0fC3QV3URf4V2SDYGJhJnJGqvIIgdECeODCT98wSWDAJ94SSuVpYQUoTcGUIL6L4yNB7j1DFFHSBg==",
      "dev": true
    },
    "safer-buffer": {
      "version": "2.1.2",
      "resolved": "https://npm.prod.pcln.com/repository/npm-all/safer-buffer/-/safer-buffer-2.1.2.tgz",
      "integrity": "sha512-YZo3K82SD7Riyi0E1EQPojLz7kpepnSQI9IyPbHHg1XXXevb5dJI7tpyN2ADxGcQbHG7vcyRHk0cbwqcQriUtg==",
      "dev": true
    },
    "scheduler": {
      "version": "0.10.0",
      "resolved": "https://npm.prod.pcln.com/repository/npm-all/scheduler/-/scheduler-0.10.0.tgz",
      "integrity": "sha512-+TSTVTCBAA3h8Anei3haDc1IRwMeDmtI/y/o3iBe3Mjl2vwYF9DtPDt929HyRmV/e7au7CLu8sc4C4W0VOs29w==",
      "dev": true,
      "requires": {
        "loose-envify": "^1.1.0",
        "object-assign": "^4.1.1"
      }
    },
    "setimmediate": {
      "version": "1.0.5",
      "resolved": "https://npm.prod.pcln.com/repository/npm-all/setimmediate/-/setimmediate-1.0.5.tgz",
      "integrity": "sha1-KQy7Iy4waULX1+qbg3Mqt4VvgoU=",
      "dev": true
    },
    "shallowequal": {
      "version": "1.1.0",
      "resolved": "https://npm.prod.pcln.com/repository/npm-all/shallowequal/-/shallowequal-1.1.0.tgz",
      "integrity": "sha512-y0m1JoUZSlPAjXVtPPW70aZWfIL/dSP7AFkRnniLCrK/8MDKog3TySTBmckD+RObVxH0v4Tox67+F14PdED2oQ==",
      "dev": true
    },
    "styled-components": {
      "version": "3.4.10",
      "resolved": "https://npm.prod.pcln.com/repository/npm-all/styled-components/-/styled-components-3.4.10.tgz",
      "integrity": "sha512-TA8ip8LoILgmSAFd3r326pKtXytUUGu5YWuqZcOQVwVVwB6XqUMn4MHW2IuYJ/HAD81jLrdQed8YWfLSG1LX4Q==",
      "dev": true,
      "requires": {
        "buffer": "^5.0.3",
        "css-to-react-native": "^2.0.3",
        "fbjs": "^0.8.16",
        "hoist-non-react-statics": "^2.5.0",
        "prop-types": "^15.5.4",
        "react-is": "^16.3.1",
        "stylis": "^3.5.0",
        "stylis-rule-sheet": "^0.0.10",
        "supports-color": "^3.2.3"
      }
    },
    "styled-system": {
      "version": "1.1.7",
      "resolved": "https://npm.prod.pcln.com/repository/npm-all/styled-system/-/styled-system-1.1.7.tgz",
      "integrity": "sha512-OV+OrU83pfwxlvs7JGWisS9esa9rkmGM6z3v1/JG+fn+PSoqDBmdoV2sWEbQF0mOFxyxgoXcu3R6Q0RtUgcTMw==",
      "dev": true,
      "requires": {
        "prop-types": "^15.6.0"
      }
    },
    "stylis": {
      "version": "3.5.3",
      "resolved": "https://npm.prod.pcln.com/repository/npm-all/stylis/-/stylis-3.5.3.tgz",
      "integrity": "sha512-TxU0aAscJghF9I3V9q601xcK3Uw1JbXvpsBGj/HULqexKOKlOEzzlIpLFRbKkCK990ccuxfXUqmPbIIo7Fq/cQ==",
      "dev": true
    },
    "stylis-rule-sheet": {
      "version": "0.0.10",
      "resolved": "https://npm.prod.pcln.com/repository/npm-all/stylis-rule-sheet/-/stylis-rule-sheet-0.0.10.tgz",
      "integrity": "sha512-nTbZoaqoBnmK+ptANthb10ZRZOGC+EmTLLUxeYIuHNkEKcmKgXX1XWKkUBT2Ac4es3NybooPe0SmvKdhKJZAuw==",
      "dev": true
    },
    "supports-color": {
      "version": "3.2.3",
      "resolved": "https://npm.prod.pcln.com/repository/npm-all/supports-color/-/supports-color-3.2.3.tgz",
      "integrity": "sha1-ZawFBLOVQXHYpklGsq48u4pfVPY=",
      "dev": true,
      "requires": {
        "has-flag": "^1.0.0"
      }
    },
    "tabbable": {
      "version": "3.1.1",
      "resolved": "https://npm.prod.pcln.com/repository/npm-all/tabbable/-/tabbable-3.1.1.tgz",
      "integrity": "sha512-583MHIOwictf7+zbxqO/L5fBqMN6Li4SJ1XTKQA9WzHRA7c2BB+D+Ny7Y6kGqU2u+rHK59+oRzrBvMU53aZz+A=="
    },
    "ua-parser-js": {
      "version": "0.7.19",
      "resolved": "https://npm.prod.pcln.com/repository/npm-all/ua-parser-js/-/ua-parser-js-0.7.19.tgz",
      "integrity": "sha512-T3PVJ6uz8i0HzPxOF9SWzWAlfN/DavlpQqepn22xgve/5QecC+XMCAtmUNnY7C9StehaV6exjUCI801lOI7QlQ==",
      "dev": true
    },
    "warning": {
      "version": "3.0.0",
      "resolved": "https://npm.prod.pcln.com/repository/npm-all/warning/-/warning-3.0.0.tgz",
      "integrity": "sha1-MuU3fLVy3kqwR1O9+IIcAe1gW3w=",
      "dev": true,
      "requires": {
        "loose-envify": "^1.0.0"
      }
    },
    "whatwg-fetch": {
      "version": "3.0.0",
      "resolved": "https://npm.prod.pcln.com/repository/npm-all/whatwg-fetch/-/whatwg-fetch-3.0.0.tgz",
      "integrity": "sha512-9GSJUgz1D4MfyKU7KRqwOjXCXTqWdFNvEr7eUBYchQiVc744mqK/MzXPNR2WsPkmkOa4ywfg8C2n8h+13Bey1Q==",
      "dev": true
    },
    "xtend": {
      "version": "4.0.1",
      "resolved": "https://npm.prod.pcln.com/repository/npm-all/xtend/-/xtend-4.0.1.tgz",
      "integrity": "sha1-pcbVMr5lbiPbgg77lDofBJmNY68="
    }
  }
}
