{
	"name": "pcln-modal",
	"version": "2.1.0",
	"lockfileVersion": 1,
	"requires": true,
	"dependencies": {
		"@babel/runtime": {
			"version": "7.5.5",
			"resolved": "https://registry.npmjs.org/@babel/runtime/-/runtime-7.5.5.tgz",
			"integrity": "sha512-28QvEGyQyNkB0/m2B4FU7IEZGK2NUrcMtT6BZEFALTguLk+AUT6ofsHtPk5QyjAdUkpMJ+/Em+quwz4HOt30AQ==",
			"requires": {
				"regenerator-runtime": "^0.13.2"
			}
		},
		"@reach/component-component": {
			"version": "0.1.3",
			"resolved": "https://registry.npmjs.org/@reach/component-component/-/component-component-0.1.3.tgz",
			"integrity": "sha512-a1USH7L3bEfDdPN4iNZGvMEFuBfkdG+QNybeyDv8RloVFgZYRoM+KGXyy2KOfEnTUM8QWDRSROwaL3+ts5Angg=="
		},
		"@reach/dialog": {
			"version": "0.1.4",
			"resolved": "https://registry.npmjs.org/@reach/dialog/-/dialog-0.1.4.tgz",
			"integrity": "sha512-W9hE4XMlQlmA6Q6B5P1TDpZtDeFqXLRjk3AD5JF1aC6dyoEookIE5tioAMkPrWOQIGCHjcsG961aQWxW6pKgOw==",
			"requires": {
				"@reach/component-component": "^0.1.3",
				"@reach/portal": "^0.1.3",
				"@reach/utils": "^0.2.0",
				"focus-trap": "^3.0.0"
			}
		},
		"@reach/portal": {
			"version": "0.1.3",
			"resolved": "https://registry.npmjs.org/@reach/portal/-/portal-0.1.3.tgz",
			"integrity": "sha512-yDcu5XZWfWKmKvbOs/uS7vITPVFXmn+XY5V6YcGhlz20KgwG+aJX2c7yvYzO++Zr0qvmtQCmxA4EGEciqIys6g==",
			"requires": {
				"@reach/component-component": "^0.1.3"
			}
		},
		"@reach/utils": {
			"version": "0.2.3",
			"resolved": "https://registry.npmjs.org/@reach/utils/-/utils-0.2.3.tgz",
			"integrity": "sha512-zM9rA8jDchr05giMhL95dPeYkK67cBQnIhCVrOKKqgWGsv+2GE/HZqeptvU4zqs0BvIqsThwov+YxVNVh5csTQ=="
		},
		"add-dom-event-listener": {
			"version": "1.1.0",
			"resolved": "https://registry.npmjs.org/add-dom-event-listener/-/add-dom-event-listener-1.1.0.tgz",
			"integrity": "sha512-WCxx1ixHT0GQU9hb0KI/mhgRQhnU+U3GvwY6ZvVjYq8rsihIGoaIOUbY0yMPBxLH5MDtr0kz3fisWGNcbWW7Jw==",
			"dev": true,
			"requires": {
				"object-assign": "4.x"
			}
		},
		"asap": {
			"version": "2.0.6",
			"resolved": "https://registry.npmjs.org/asap/-/asap-2.0.6.tgz",
			"integrity": "sha1-5QNHYR1+aQlDIIu9r+vLwvuGbUY=",
			"dev": true
		},
		"babel-runtime": {
			"version": "6.26.0",
			"resolved": "https://registry.npmjs.org/babel-runtime/-/babel-runtime-6.26.0.tgz",
			"integrity": "sha1-llxwWGaOgrVde/4E/yM3vItWR/4=",
			"dev": true,
			"requires": {
				"core-js": "^2.4.0",
				"regenerator-runtime": "^0.11.0"
			},
			"dependencies": {
				"regenerator-runtime": {
					"version": "0.11.1",
					"resolved": "https://registry.npmjs.org/regenerator-runtime/-/regenerator-runtime-0.11.1.tgz",
					"integrity": "sha512-MguG95oij0fC3QV3URf4V2SDYGJhJnJGqvIIgdECeODCT98wSWDAJ94SSuVpYQUoTcGUIL6L4yNB7j1DFFHSBg==",
					"dev": true
				}
			}
		},
		"base64-js": {
			"version": "1.3.0",
			"resolved": "https://registry.npmjs.org/base64-js/-/base64-js-1.3.0.tgz",
			"integrity": "sha512-ccav/yGvoa80BQDljCxsmmQ3Xvx60/UpBIij5QN21W3wBi/hhIC9OoO+KLpu9IJTS9j4DRVJ3aDDF9cMSoa2lw==",
			"dev": true
		},
		"buffer": {
			"version": "5.2.1",
			"resolved": "https://registry.npmjs.org/buffer/-/buffer-5.2.1.tgz",
			"integrity": "sha512-c+Ko0loDaFfuPWiL02ls9Xd3GO3cPVmUobQ6t3rXNUk304u6hGq+8N/kFi+QEIKhzK3uwolVhLzszmfLmMLnqg==",
			"dev": true,
			"requires": {
				"base64-js": "^1.0.2",
				"ieee754": "^1.1.4"
			}
		},
		"camelize": {
			"version": "1.0.0",
			"resolved": "https://registry.npmjs.org/camelize/-/camelize-1.0.0.tgz",
			"integrity": "sha1-FkpUg+Yw+kMh5a8HAg5TGDGyYJs=",
			"dev": true
		},
		"classnames": {
			"version": "2.2.6",
			"resolved": "https://registry.npmjs.org/classnames/-/classnames-2.2.6.tgz",
			"integrity": "sha512-JR/iSQOSt+LQIWwrwEzJ9uk0xfN3mTVYMwt1Ir5mUcSN6pU+V4zQFFaJsclJbPuAUQH+yfWef6tm7l1quW3C8Q==",
			"dev": true
		},
		"component-classes": {
			"version": "1.2.6",
			"resolved": "https://registry.npmjs.org/component-classes/-/component-classes-1.2.6.tgz",
			"integrity": "sha1-xkI5TDYYpNiwuJGe/Mu9kw5c1pE=",
			"dev": true,
			"requires": {
				"component-indexof": "0.0.3"
			}
		},
		"component-indexof": {
			"version": "0.0.3",
			"resolved": "https://registry.npmjs.org/component-indexof/-/component-indexof-0.0.3.tgz",
			"integrity": "sha1-EdCRMSI5648yyPJa6csAL/6NPCQ=",
			"dev": true
		},
		"core-js": {
			"version": "2.6.9",
			"resolved": "https://registry.npmjs.org/core-js/-/core-js-2.6.9.tgz",
			"integrity": "sha512-HOpZf6eXmnl7la+cUdMnLvUxKNqLUzJvgIziQ0DiF3JwSImNphIqdGqzj6hIKyX04MmV0poclQ7+wjWvxQyR2A==",
			"dev": true
		},
		"css-animation": {
			"version": "1.5.0",
			"resolved": "https://registry.npmjs.org/css-animation/-/css-animation-1.5.0.tgz",
			"integrity": "sha512-hWYoWiOZ7Vr20etzLh3kpWgtC454tW5vn4I6rLANDgpzNSkO7UfOqyCEeaoBSG9CYWQpRkFWTWbWW8o3uZrNLw==",
			"dev": true,
			"requires": {
				"babel-runtime": "6.x",
				"component-classes": "^1.2.5"
			}
		},
		"css-color-keywords": {
			"version": "1.0.0",
			"resolved": "https://registry.npmjs.org/css-color-keywords/-/css-color-keywords-1.0.0.tgz",
			"integrity": "sha1-/qJhbcZ2spYmhrOvjb2+GAskTgU=",
			"dev": true
		},
		"css-to-react-native": {
			"version": "2.3.1",
			"resolved": "https://registry.npmjs.org/css-to-react-native/-/css-to-react-native-2.3.1.tgz",
			"integrity": "sha512-yO+oEx1Lf+hDKasqQRVrAvzMCz825Huh1VMlEEDlRWyAhFb/FWb6I0KpEF1PkyKQ7NEdcx9d5M2ZEWgJAsgPvQ==",
			"dev": true,
			"requires": {
				"camelize": "^1.0.0",
				"css-color-keywords": "^1.0.0",
				"postcss-value-parser": "^3.3.0"
			}
		},
		"dom-align": {
			"version": "1.9.0",
			"resolved": "https://registry.npmjs.org/dom-align/-/dom-align-1.9.0.tgz",
			"integrity": "sha512-HvPfXISxoU7dKrbqS4vIFa1hx88wD7VdKaZ7sHWeow8y76tuzsxXkiPGbeilemLXrTd9cWbPqR4MOl4y3dkcXA==",
			"dev": true
		},
		"dom-helpers": {
			"version": "3.4.0",
			"resolved": "https://registry.npmjs.org/dom-helpers/-/dom-helpers-3.4.0.tgz",
			"integrity": "sha512-LnuPJ+dwqKDIyotW1VzmOZ5TONUN7CwkCR5hrgawTUbkBGYdeoNLZo6nNfGkCrjtE1nXXaj7iMMpDa8/d9WoIA==",
			"requires": {
				"@babel/runtime": "^7.1.2"
			}
		},
		"encoding": {
			"version": "0.1.12",
			"resolved": "https://registry.npmjs.org/encoding/-/encoding-0.1.12.tgz",
			"integrity": "sha1-U4tm8+5izRq1HsMjgp0flIDHS+s=",
			"dev": true,
			"requires": {
				"iconv-lite": "~0.4.13"
			}
		},
		"fbjs": {
			"version": "0.8.17",
			"resolved": "https://registry.npmjs.org/fbjs/-/fbjs-0.8.17.tgz",
			"integrity": "sha1-xNWY6taUkRJlPWWIsBpc3Nn5D90=",
			"dev": true,
			"requires": {
				"core-js": "^1.0.0",
				"isomorphic-fetch": "^2.1.1",
				"loose-envify": "^1.0.0",
				"object-assign": "^4.1.0",
				"promise": "^7.1.1",
				"setimmediate": "^1.0.5",
				"ua-parser-js": "^0.7.18"
			},
			"dependencies": {
				"core-js": {
					"version": "1.2.7",
					"resolved": "https://registry.npmjs.org/core-js/-/core-js-1.2.7.tgz",
					"integrity": "sha1-ZSKUwUZR2yj6k70tX/KYOk8IxjY=",
					"dev": true
				}
			}
		},
		"focus-trap": {
			"version": "3.0.0",
			"resolved": "https://registry.npmjs.org/focus-trap/-/focus-trap-3.0.0.tgz",
			"integrity": "sha512-jTFblf0tLWbleGjj2JZsAKbgtZTdL1uC48L8FcmSDl4c2vDoU4NycN1kgV5vJhuq1mxNFkw7uWZ1JAGlINWvyw==",
			"requires": {
				"tabbable": "^3.1.0",
				"xtend": "^4.0.1"
			}
		},
		"has-flag": {
			"version": "1.0.0",
			"resolved": "https://registry.npmjs.org/has-flag/-/has-flag-1.0.0.tgz",
			"integrity": "sha1-nZ55MWXOAXoA8AQYxD+UKnsdEfo=",
			"dev": true
		},
		"hoist-non-react-statics": {
			"version": "2.5.5",
			"resolved": "https://registry.npmjs.org/hoist-non-react-statics/-/hoist-non-react-statics-2.5.5.tgz",
			"integrity": "sha512-rqcy4pJo55FTTLWt+bU8ukscqHeE/e9KWvsOW2b/a3afxQZhwkQdT1rPPCJ0rYXdj4vNcasY8zHTH+jF/qStxw==",
			"dev": true
		},
		"iconv-lite": {
			"version": "0.4.24",
			"resolved": "https://registry.npmjs.org/iconv-lite/-/iconv-lite-0.4.24.tgz",
			"integrity": "sha512-v3MXnZAcvnywkTUEZomIActle7RXXeedOR31wwl7VlyoXO4Qi9arvSenNQWne1TcRwhCL1HwLI21bEqdpj8/rA==",
			"dev": true,
			"requires": {
				"safer-buffer": ">= 2.1.2 < 3"
			}
		},
		"ieee754": {
			"version": "1.1.13",
			"resolved": "https://registry.npmjs.org/ieee754/-/ieee754-1.1.13.tgz",
			"integrity": "sha512-4vf7I2LYV/HaWerSo3XmlMkp5eZ83i+/CDluXi/IGTs/O1sejBNhTtnxzmRZfvOUqj7lZjqHkeTvpgSFDlWZTg==",
			"dev": true
		},
		"is-stream": {
			"version": "1.1.0",
			"resolved": "https://registry.npmjs.org/is-stream/-/is-stream-1.1.0.tgz",
			"integrity": "sha1-EtSj3U5o4Lec6428hBc66A2RykQ=",
			"dev": true
		},
		"isomorphic-fetch": {
			"version": "2.2.1",
			"resolved": "https://registry.npmjs.org/isomorphic-fetch/-/isomorphic-fetch-2.2.1.tgz",
			"integrity": "sha1-YRrhrPFPXoH3KVB0coGf6XM1WKk=",
			"dev": true,
			"requires": {
				"node-fetch": "^1.0.1",
				"whatwg-fetch": ">=0.10.0"
			}
		},
		"js-tokens": {
			"version": "4.0.0",
			"resolved": "https://registry.npmjs.org/js-tokens/-/js-tokens-4.0.0.tgz",
			"integrity": "sha512-RdJUflcE3cUzKiMqQgsCu06FPu9UdIJO0beYbPhHN4k6apgJtifcoCtT9bcxOpYBtpD2kCM6Sbzg4CausW/PKQ=="
		},
		"lodash._getnative": {
			"version": "3.9.1",
			"resolved": "https://registry.npmjs.org/lodash._getnative/-/lodash._getnative-3.9.1.tgz",
			"integrity": "sha1-VwvH3t5G1hzc3mh9ZdPuy6o6r/U=",
			"dev": true
		},
		"lodash.isarguments": {
			"version": "3.1.0",
			"resolved": "https://registry.npmjs.org/lodash.isarguments/-/lodash.isarguments-3.1.0.tgz",
			"integrity": "sha1-L1c9hcaiQon/AGY7SRwdM4/zRYo=",
			"dev": true
		},
		"lodash.isarray": {
			"version": "3.0.4",
			"resolved": "https://registry.npmjs.org/lodash.isarray/-/lodash.isarray-3.0.4.tgz",
			"integrity": "sha1-eeTriMNqgSKvhvhEqpvNhRtfu1U=",
			"dev": true
		},
		"lodash.keys": {
			"version": "3.1.2",
			"resolved": "https://registry.npmjs.org/lodash.keys/-/lodash.keys-3.1.2.tgz",
			"integrity": "sha1-TbwEcrFWvlCgsoaFXRvQsMZWCYo=",
			"dev": true,
			"requires": {
				"lodash._getnative": "^3.0.0",
				"lodash.isarguments": "^3.0.0",
				"lodash.isarray": "^3.0.0"
			}
		},
		"loose-envify": {
			"version": "1.4.0",
			"resolved": "https://registry.npmjs.org/loose-envify/-/loose-envify-1.4.0.tgz",
			"integrity": "sha512-lyuxPGr/Wfhrlem2CL/UcnUc1zcqKAImBDzukY7Y5F/yQiNdko6+fRLevlw1HgMySw7f611UIY408EtxRSoK3Q==",
			"requires": {
				"js-tokens": "^3.0.0 || ^4.0.0"
			}
		},
		"node-fetch": {
			"version": "1.7.3",
			"resolved": "https://registry.npmjs.org/node-fetch/-/node-fetch-1.7.3.tgz",
			"integrity": "sha512-NhZ4CsKx7cYm2vSrBAr2PvFOe6sWDf0UYLRqA6svUYg7+/TSfVAu49jYC4BvQ4Sms9SZgdqGBgroqfDhJdTyKQ==",
			"dev": true,
			"requires": {
				"encoding": "^0.1.11",
				"is-stream": "^1.0.1"
			}
		},
		"object-assign": {
			"version": "4.1.1",
			"resolved": "https://registry.npmjs.org/object-assign/-/object-assign-4.1.1.tgz",
			"integrity": "sha1-IQmtx5ZYh8/AXLvUQsrIv7s2CGM="
		},
		"pcln-design-system": {
			"version": "1.1.0",
			"resolved": "https://registry.npmjs.org/pcln-design-system/-/pcln-design-system-1.1.0.tgz",
			"integrity": "sha512-pqCJ818ri4AwWAXPjbuV5Ufg8BnzolhgYfkQL42GY4CVUXMvBS/XzxJ8lSyvUHHw4+GVS62WzC3GstxzkSyi+g==",
			"dev": true,
			"requires": {
				"prop-types": "^15.5.10",
				"rc-slider": "^8.5.0",
				"styled-system": "^1.0.8"
			}
		},
		"performance-now": {
			"version": "2.1.0",
			"resolved": "https://registry.npmjs.org/performance-now/-/performance-now-2.1.0.tgz",
			"integrity": "sha1-Ywn04OX6kT7BxpMHrjZLSzd8nns=",
			"dev": true
		},
		"postcss-value-parser": {
			"version": "3.3.1",
			"resolved": "https://registry.npmjs.org/postcss-value-parser/-/postcss-value-parser-3.3.1.tgz",
			"integrity": "sha512-pISE66AbVkp4fDQ7VHBwRNXzAAKJjw4Vw7nWI/+Q3vuly7SNfgYXvm6i5IgFylHGK5sP/xHAbB7N49OS4gWNyQ==",
			"dev": true
		},
		"promise": {
			"version": "7.3.1",
			"resolved": "https://registry.npmjs.org/promise/-/promise-7.3.1.tgz",
			"integrity": "sha512-nolQXZ/4L+bP/UGlkfaIujX9BKxGwmQ9OT4mOt5yvy8iK1h3wqTEJCijzGANTCCl9nWjY41juyAn2K3Q1hLLTg==",
			"dev": true,
			"requires": {
				"asap": "~2.0.3"
			}
		},
		"prop-types": {
			"version": "15.7.2",
			"resolved": "https://registry.npmjs.org/prop-types/-/prop-types-15.7.2.tgz",
			"integrity": "sha512-8QQikdH7//R2vurIJSutZ1smHYTcLpRWEOlHnzcWHmBYrOGUysKwSsrC89BCiFj3CbrfJ/nXFdJepOVrY1GCHQ==",
			"requires": {
				"loose-envify": "^1.4.0",
				"object-assign": "^4.1.1",
				"react-is": "^16.8.1"
			}
		},
		"raf": {
			"version": "3.4.1",
			"resolved": "https://registry.npmjs.org/raf/-/raf-3.4.1.tgz",
			"integrity": "sha512-Sq4CW4QhwOHE8ucn6J34MqtZCeWFP2aQSmrlroYgqAV1PjStIhJXxYuTgUIfkEk7zTLjmIjLmU5q+fbD1NnOJA==",
			"dev": true,
			"requires": {
				"performance-now": "^2.1.0"
			}
		},
		"rc-align": {
			"version": "2.4.5",
			"resolved": "https://registry.npmjs.org/rc-align/-/rc-align-2.4.5.tgz",
			"integrity": "sha512-nv9wYUYdfyfK+qskThf4BQUSIadeI/dCsfaMZfNEoxm9HwOIioQ+LyqmMK6jWHAZQgOzMLaqawhuBXlF63vgjw==",
			"dev": true,
			"requires": {
				"babel-runtime": "^6.26.0",
				"dom-align": "^1.7.0",
				"prop-types": "^15.5.8",
				"rc-util": "^4.0.4"
			}
		},
		"rc-animate": {
			"version": "2.9.2",
			"resolved": "https://registry.npmjs.org/rc-animate/-/rc-animate-2.9.2.tgz",
			"integrity": "sha512-rkJjeJgfbDqVjVX1/QTRfS7PiCq3AnmeYo840cVcuC4pXq4k4yAQMsC2v5BPXXdawC04vnyO4/qHQdbx9ANaiw==",
			"dev": true,
			"requires": {
				"babel-runtime": "6.x",
				"classnames": "^2.2.6",
				"css-animation": "^1.3.2",
				"prop-types": "15.x",
				"raf": "^3.4.0",
				"rc-util": "^4.8.0",
				"react-lifecycles-compat": "^3.0.4"
			}
		},
		"rc-slider": {
			"version": "8.6.13",
			"resolved": "https://registry.npmjs.org/rc-slider/-/rc-slider-8.6.13.tgz",
			"integrity": "sha512-fCUe8pPn8n9pq1ARX44nN2nzJoATtna4x/PdskUrxIvZXN8ja7HuceN/hq6kokZjo3FBD2B1yMZvZh6oi68l6Q==",
			"dev": true,
			"requires": {
				"babel-runtime": "6.x",
				"classnames": "^2.2.5",
				"prop-types": "^15.5.4",
				"rc-tooltip": "^3.7.0",
				"rc-util": "^4.0.4",
				"shallowequal": "^1.0.1",
				"warning": "^4.0.3"
			}
		},
		"rc-tooltip": {
			"version": "3.7.3",
			"resolved": "https://registry.npmjs.org/rc-tooltip/-/rc-tooltip-3.7.3.tgz",
			"integrity": "sha512-dE2ibukxxkrde7wH9W8ozHKUO4aQnPZ6qBHtrTH9LoO836PjDdiaWO73fgPB05VfJs9FbZdmGPVEbXCeOP99Ww==",
			"dev": true,
			"requires": {
				"babel-runtime": "6.x",
				"prop-types": "^15.5.8",
				"rc-trigger": "^2.2.2"
			}
		},
		"rc-trigger": {
			"version": "2.6.5",
			"resolved": "https://registry.npmjs.org/rc-trigger/-/rc-trigger-2.6.5.tgz",
			"integrity": "sha512-m6Cts9hLeZWsTvWnuMm7oElhf+03GOjOLfTuU0QmdB9ZrW7jR2IpI5rpNM7i9MvAAlMAmTx5Zr7g3uu/aMvZAw==",
			"dev": true,
			"requires": {
				"babel-runtime": "6.x",
				"classnames": "^2.2.6",
				"prop-types": "15.x",
				"rc-align": "^2.4.0",
				"rc-animate": "2.x",
				"rc-util": "^4.4.0",
				"react-lifecycles-compat": "^3.0.4"
			}
		},
		"rc-util": {
			"version": "4.8.1",
			"resolved": "https://registry.npmjs.org/rc-util/-/rc-util-4.8.1.tgz",
			"integrity": "sha512-siJw/pPunmiQ/YVp/SXNuri3907+GgAmw8TeMVGv9H2LhE/0NlKonuU5CBwPeLQyKdKmJro4EUitEpekwP5osA==",
			"dev": true,
			"requires": {
				"add-dom-event-listener": "^1.1.0",
				"babel-runtime": "6.x",
				"prop-types": "^15.5.10",
				"react-lifecycles-compat": "^3.0.4",
				"shallowequal": "^0.2.2"
			},
			"dependencies": {
				"shallowequal": {
					"version": "0.2.2",
					"resolved": "https://registry.npmjs.org/shallowequal/-/shallowequal-0.2.2.tgz",
					"integrity": "sha1-HjL9W8q2rWiKSBLLDMBO/HXHAU4=",
					"dev": true,
					"requires": {
						"lodash.keys": "^3.1.2"
					}
				}
			}
		},
		"react": {
			"version": "16.8.6",
			"resolved": "https://registry.npmjs.org/react/-/react-16.8.6.tgz",
			"integrity": "sha512-pC0uMkhLaHm11ZSJULfOBqV4tIZkx87ZLvbbQYunNixAAvjnC+snJCg0XQXn9VIsttVsbZP/H/ewzgsd5fxKXw==",
			"dev": true,
			"requires": {
				"loose-envify": "^1.1.0",
				"object-assign": "^4.1.1",
				"prop-types": "^15.6.2",
				"scheduler": "^0.13.6"
			}
		},
		"react-dom": {
			"version": "16.8.6",
			"resolved": "https://registry.npmjs.org/react-dom/-/react-dom-16.8.6.tgz",
			"integrity": "sha512-1nL7PIq9LTL3fthPqwkvr2zY7phIPjYrT0jp4HjyEQrEROnw4dG41VVwi/wfoCneoleqrNX7iAD+pXebJZwrwA==",
			"dev": true,
			"requires": {
				"loose-envify": "^1.1.0",
				"object-assign": "^4.1.1",
				"prop-types": "^15.6.2",
				"scheduler": "^0.13.6"
			}
		},
		"react-is": {
			"version": "16.8.6",
			"resolved": "https://registry.npmjs.org/react-is/-/react-is-16.8.6.tgz",
			"integrity": "sha512-aUk3bHfZ2bRSVFFbbeVS4i+lNPZr3/WM5jT2J5omUVV1zzcs1nAaf3l51ctA5FFvCRbhrH0bdAsRRQddFJZPtA=="
		},
		"react-lifecycles-compat": {
			"version": "3.0.4",
			"resolved": "https://registry.npmjs.org/react-lifecycles-compat/-/react-lifecycles-compat-3.0.4.tgz",
			"integrity": "sha512-fBASbA6LnOU9dOU2eW7aQ8xmYBSXUIWr+UmF9b1efZBazGNO+rcXT/icdKnYm2pTwcRylVUYwW7H1PHfLekVzA=="
		},
		"react-test-renderer": {
			"version": "16.8.6",
			"resolved": "https://registry.npmjs.org/react-test-renderer/-/react-test-renderer-16.8.6.tgz",
			"integrity": "sha512-H2srzU5IWYT6cZXof6AhUcx/wEyJddQ8l7cLM/F7gDXYyPr4oq+vCIxJYXVGhId1J706sqziAjuOEjyNkfgoEw==",
			"dev": true,
			"requires": {
				"object-assign": "^4.1.1",
				"prop-types": "^15.6.2",
				"react-is": "^16.8.6",
				"scheduler": "^0.13.6"
			}
		},
		"react-transition-group": {
			"version": "2.9.0",
			"resolved": "https://registry.npmjs.org/react-transition-group/-/react-transition-group-2.9.0.tgz",
			"integrity": "sha512-+HzNTCHpeQyl4MJ/bdE0u6XRMe9+XG/+aL4mCxVN4DnPBQ0/5bfHWPDuOZUzYdMj94daZaZdCCc1Dzt9R/xSSg==",
			"requires": {
				"dom-helpers": "^3.4.0",
				"loose-envify": "^1.4.0",
				"prop-types": "^15.6.2",
				"react-lifecycles-compat": "^3.0.4"
			}
		},
		"regenerator-runtime": {
			"version": "0.13.2",
			"resolved": "https://registry.npmjs.org/regenerator-runtime/-/regenerator-runtime-0.13.2.tgz",
			"integrity": "sha512-S/TQAZJO+D3m9xeN1WTI8dLKBBiRgXBlTJvbWjCThHWZj9EvHK70Ff50/tYj2J/fvBY6JtFVwRuazHN2E7M9BA=="
		},
		"safer-buffer": {
			"version": "2.1.2",
			"resolved": "https://registry.npmjs.org/safer-buffer/-/safer-buffer-2.1.2.tgz",
			"integrity": "sha512-YZo3K82SD7Riyi0E1EQPojLz7kpepnSQI9IyPbHHg1XXXevb5dJI7tpyN2ADxGcQbHG7vcyRHk0cbwqcQriUtg==",
			"dev": true
		},
		"scheduler": {
			"version": "0.13.6",
			"resolved": "https://registry.npmjs.org/scheduler/-/scheduler-0.13.6.tgz",
			"integrity": "sha512-IWnObHt413ucAYKsD9J1QShUKkbKLQQHdxRyw73sw4FN26iWr3DY/H34xGPe4nmL1DwXyWmSWmMrA9TfQbE/XQ==",
			"dev": true,
			"requires": {
				"loose-envify": "^1.1.0",
				"object-assign": "^4.1.1"
			}
		},
		"setimmediate": {
			"version": "1.0.5",
			"resolved": "https://registry.npmjs.org/setimmediate/-/setimmediate-1.0.5.tgz",
			"integrity": "sha1-KQy7Iy4waULX1+qbg3Mqt4VvgoU=",
			"dev": true
		},
		"shallowequal": {
			"version": "1.1.0",
			"resolved": "https://registry.npmjs.org/shallowequal/-/shallowequal-1.1.0.tgz",
			"integrity": "sha512-y0m1JoUZSlPAjXVtPPW70aZWfIL/dSP7AFkRnniLCrK/8MDKog3TySTBmckD+RObVxH0v4Tox67+F14PdED2oQ==",
			"dev": true
		},
		"styled-components": {
			"version": "3.4.10",
			"resolved": "https://registry.npmjs.org/styled-components/-/styled-components-3.4.10.tgz",
			"integrity": "sha512-TA8ip8LoILgmSAFd3r326pKtXytUUGu5YWuqZcOQVwVVwB6XqUMn4MHW2IuYJ/HAD81jLrdQed8YWfLSG1LX4Q==",
			"dev": true,
			"requires": {
				"buffer": "^5.0.3",
				"css-to-react-native": "^2.0.3",
				"fbjs": "^0.8.16",
				"hoist-non-react-statics": "^2.5.0",
				"prop-types": "^15.5.4",
				"react-is": "^16.3.1",
				"stylis": "^3.5.0",
				"stylis-rule-sheet": "^0.0.10",
				"supports-color": "^3.2.3"
			}
		},
		"styled-system": {
			"version": "1.1.7",
			"resolved": "https://registry.npmjs.org/styled-system/-/styled-system-1.1.7.tgz",
			"integrity": "sha512-OV+OrU83pfwxlvs7JGWisS9esa9rkmGM6z3v1/JG+fn+PSoqDBmdoV2sWEbQF0mOFxyxgoXcu3R6Q0RtUgcTMw==",
			"dev": true,
			"requires": {
				"prop-types": "^15.6.0"
			}
		},
		"stylis": {
			"version": "3.5.4",
			"resolved": "https://registry.npmjs.org/stylis/-/stylis-3.5.4.tgz",
			"integrity": "sha512-8/3pSmthWM7lsPBKv7NXkzn2Uc9W7NotcwGNpJaa3k7WMM1XDCA4MgT5k/8BIexd5ydZdboXtU90XH9Ec4Bv/Q==",
			"dev": true
		},
		"stylis-rule-sheet": {
			"version": "0.0.10",
			"resolved": "https://registry.npmjs.org/stylis-rule-sheet/-/stylis-rule-sheet-0.0.10.tgz",
			"integrity": "sha512-nTbZoaqoBnmK+ptANthb10ZRZOGC+EmTLLUxeYIuHNkEKcmKgXX1XWKkUBT2Ac4es3NybooPe0SmvKdhKJZAuw==",
			"dev": true
		},
		"supports-color": {
			"version": "3.2.3",
			"resolved": "https://registry.npmjs.org/supports-color/-/supports-color-3.2.3.tgz",
			"integrity": "sha1-ZawFBLOVQXHYpklGsq48u4pfVPY=",
			"dev": true,
			"requires": {
				"has-flag": "^1.0.0"
			}
		},
		"tabbable": {
			"version": "3.1.2",
			"resolved": "https://registry.npmjs.org/tabbable/-/tabbable-3.1.2.tgz",
			"integrity": "sha512-wjB6puVXTYO0BSFtCmWQubA/KIn7Xvajw0x0l6eJUudMG/EAiJvIUnyNX6xO4NpGrJ16lbD0eUseB9WxW0vlpQ=="
		},
		"ua-parser-js": {
			"version": "0.7.20",
			"resolved": "https://registry.npmjs.org/ua-parser-js/-/ua-parser-js-0.7.20.tgz",
			"integrity": "sha512-8OaIKfzL5cpx8eCMAhhvTlft8GYF8b2eQr6JkCyVdrgjcytyOmPCXrqXFcUnhonRpLlh5yxEZVohm6mzaowUOw==",
			"dev": true
		},
		"warning": {
			"version": "4.0.3",
			"resolved": "https://registry.npmjs.org/warning/-/warning-4.0.3.tgz",
			"integrity": "sha512-rpJyN222KWIvHJ/F53XSZv0Zl/accqHR8et1kpaMTD/fLCRxtV8iX8czMzY7sVZupTI3zcUTg8eycS2kNF9l6w==",
			"dev": true,
			"requires": {
				"loose-envify": "^1.0.0"
			}
		},
		"whatwg-fetch": {
			"version": "3.0.0",
			"resolved": "https://registry.npmjs.org/whatwg-fetch/-/whatwg-fetch-3.0.0.tgz",
			"integrity": "sha512-9GSJUgz1D4MfyKU7KRqwOjXCXTqWdFNvEr7eUBYchQiVc744mqK/MzXPNR2WsPkmkOa4ywfg8C2n8h+13Bey1Q==",
			"dev": true
		},
		"xtend": {
			"version": "4.0.2",
			"resolved": "https://registry.npmjs.org/xtend/-/xtend-4.0.2.tgz",
			"integrity": "sha512-LKYU1iAXJXUgAXn9URjiu+MWhyUXHsvfp7mcuYm9dSUKK0/CjtrUwFAxD82/mCWbtLsGjFIad0wIsod4zrTAEQ=="
		}
	}
}
