{
  "name": "pcln-design-system-docs",
  "version": "1.0.0",
  "lockfileVersion": 1,
  "requires": true,
  "dependencies": {
    "@babel/runtime": {
      "version": "7.6.3",
      "resolved": "https://registry.npmjs.org/@babel/runtime/-/runtime-7.6.3.tgz",
      "integrity": "sha512-kq6anf9JGjW8Nt5rYfEuGRaEAaH1mkv3Bbu6rYvLOpPh/RusSJXuKPEAoZ7L7gybZkchE8+NV5g9vKF4AGAtsA==",
      "requires": {
        "regenerator-runtime": "^0.13.2"
      }
    },
    "@reach/component-component": {
      "version": "0.1.3",
      "resolved": "https://registry.npmjs.org/@reach/component-component/-/component-component-0.1.3.tgz",
      "integrity": "sha512-a1USH7L3bEfDdPN4iNZGvMEFuBfkdG+QNybeyDv8RloVFgZYRoM+KGXyy2KOfEnTUM8QWDRSROwaL3+ts5Angg=="
    },
    "@reach/dialog": {
      "version": "0.1.4",
      "resolved": "https://registry.npmjs.org/@reach/dialog/-/dialog-0.1.4.tgz",
      "integrity": "sha512-W9hE4XMlQlmA6Q6B5P1TDpZtDeFqXLRjk3AD5JF1aC6dyoEookIE5tioAMkPrWOQIGCHjcsG961aQWxW6pKgOw==",
      "requires": {
        "@reach/component-component": "^0.1.3",
        "@reach/portal": "^0.1.3",
        "@reach/utils": "^0.2.0",
        "focus-trap": "^3.0.0"
      }
    },
    "@reach/portal": {
      "version": "0.1.3",
      "resolved": "https://registry.npmjs.org/@reach/portal/-/portal-0.1.3.tgz",
      "integrity": "sha512-yDcu5XZWfWKmKvbOs/uS7vITPVFXmn+XY5V6YcGhlz20KgwG+aJX2c7yvYzO++Zr0qvmtQCmxA4EGEciqIys6g==",
      "requires": {
        "@reach/component-component": "^0.1.3"
      }
    },
    "@reach/utils": {
      "version": "0.2.3",
      "resolved": "https://registry.npmjs.org/@reach/utils/-/utils-0.2.3.tgz",
      "integrity": "sha512-zM9rA8jDchr05giMhL95dPeYkK67cBQnIhCVrOKKqgWGsv+2GE/HZqeptvU4zqs0BvIqsThwov+YxVNVh5csTQ=="
    },
    "add-dom-event-listener": {
      "version": "1.1.0",
      "resolved": "https://registry.npmjs.org/add-dom-event-listener/-/add-dom-event-listener-1.1.0.tgz",
      "integrity": "sha512-WCxx1ixHT0GQU9hb0KI/mhgRQhnU+U3GvwY6ZvVjYq8rsihIGoaIOUbY0yMPBxLH5MDtr0kz3fisWGNcbWW7Jw==",
      "requires": {
        "object-assign": "4.x"
      }
    },
    "babel-runtime": {
      "version": "6.26.0",
      "resolved": "https://registry.npmjs.org/babel-runtime/-/babel-runtime-6.26.0.tgz",
      "integrity": "sha1-llxwWGaOgrVde/4E/yM3vItWR/4=",
      "requires": {
        "core-js": "^2.4.0",
        "regenerator-runtime": "^0.11.0"
      },
      "dependencies": {
        "regenerator-runtime": {
          "version": "0.11.1",
          "resolved": "https://registry.npmjs.org/regenerator-runtime/-/regenerator-runtime-0.11.1.tgz",
          "integrity": "sha512-MguG95oij0fC3QV3URf4V2SDYGJhJnJGqvIIgdECeODCT98wSWDAJ94SSuVpYQUoTcGUIL6L4yNB7j1DFFHSBg=="
        }
      }
    },
    "classnames": {
      "version": "2.2.6",
      "resolved": "https://registry.npmjs.org/classnames/-/classnames-2.2.6.tgz",
      "integrity": "sha512-JR/iSQOSt+LQIWwrwEzJ9uk0xfN3mTVYMwt1Ir5mUcSN6pU+V4zQFFaJsclJbPuAUQH+yfWef6tm7l1quW3C8Q=="
    },
    "component-classes": {
      "version": "1.2.6",
      "resolved": "https://registry.npmjs.org/component-classes/-/component-classes-1.2.6.tgz",
      "integrity": "sha1-xkI5TDYYpNiwuJGe/Mu9kw5c1pE=",
      "requires": {
        "component-indexof": "0.0.3"
      }
    },
    "component-indexof": {
      "version": "0.0.3",
      "resolved": "https://registry.npmjs.org/component-indexof/-/component-indexof-0.0.3.tgz",
      "integrity": "sha1-EdCRMSI5648yyPJa6csAL/6NPCQ="
    },
    "core-js": {
      "version": "2.6.10",
      "resolved": "https://registry.npmjs.org/core-js/-/core-js-2.6.10.tgz",
      "integrity": "sha512-I39t74+4t+zau64EN1fE5v2W31Adtc/REhzWN+gWRRXg6WH5qAsZm62DHpQ1+Yhe4047T55jvzz7MUqF/dBBlA=="
    },
    "css-animation": {
      "version": "1.6.1",
      "resolved": "https://registry.npmjs.org/css-animation/-/css-animation-1.6.1.tgz",
      "integrity": "sha512-/48+/BaEaHRY6kNQ2OIPzKf9A6g8WjZYjhiNDNuIVbsm5tXCGIAsHDjB4Xu1C4vXJtUWZo26O68OQkDpNBaPog==",
      "requires": {
        "babel-runtime": "6.x",
        "component-classes": "^1.2.5"
      }
    },
    "deepmerge": {
      "version": "4.1.1",
      "resolved": "https://registry.npmjs.org/deepmerge/-/deepmerge-4.1.1.tgz",
      "integrity": "sha512-+qO5WbNBKBaZez95TffdUDnGIo4+r5kmsX8aOb7PDHvXsTbghAmleuxjs6ytNaf5Eg4FGBXDS5vqO61TRi6BMg=="
    },
    "dom-align": {
      "version": "1.10.2",
      "resolved": "https://registry.npmjs.org/dom-align/-/dom-align-1.10.2.tgz",
      "integrity": "sha512-AYZUzLepy05E9bCY4ExoqHrrIlM49PEak9oF93JEFoibqKL0F7w5DLM70/rosLOawerWZ3MlepQcl+EmHskOyw=="
    },
    "dom-helpers": {
      "version": "3.4.0",
      "resolved": "https://registry.npmjs.org/dom-helpers/-/dom-helpers-3.4.0.tgz",
      "integrity": "sha512-LnuPJ+dwqKDIyotW1VzmOZ5TONUN7CwkCR5hrgawTUbkBGYdeoNLZo6nNfGkCrjtE1nXXaj7iMMpDa8/d9WoIA==",
      "requires": {
        "@babel/runtime": "^7.1.2"
      }
    },
    "focus-trap": {
      "version": "3.0.0",
      "resolved": "https://registry.npmjs.org/focus-trap/-/focus-trap-3.0.0.tgz",
      "integrity": "sha512-jTFblf0tLWbleGjj2JZsAKbgtZTdL1uC48L8FcmSDl4c2vDoU4NycN1kgV5vJhuq1mxNFkw7uWZ1JAGlINWvyw==",
      "requires": {
        "tabbable": "^3.1.0",
        "xtend": "^4.0.1"
      }
    },
    "js-tokens": {
      "version": "4.0.0",
      "resolved": "https://registry.npmjs.org/js-tokens/-/js-tokens-4.0.0.tgz",
      "integrity": "sha512-RdJUflcE3cUzKiMqQgsCu06FPu9UdIJO0beYbPhHN4k6apgJtifcoCtT9bcxOpYBtpD2kCM6Sbzg4CausW/PKQ=="
    },
    "lodash._getnative": {
      "version": "3.9.1",
      "resolved": "https://registry.npmjs.org/lodash._getnative/-/lodash._getnative-3.9.1.tgz",
      "integrity": "sha1-VwvH3t5G1hzc3mh9ZdPuy6o6r/U="
    },
    "lodash.isarguments": {
      "version": "3.1.0",
      "resolved": "https://registry.npmjs.org/lodash.isarguments/-/lodash.isarguments-3.1.0.tgz",
      "integrity": "sha1-L1c9hcaiQon/AGY7SRwdM4/zRYo="
    },
    "lodash.isarray": {
      "version": "3.0.4",
      "resolved": "https://registry.npmjs.org/lodash.isarray/-/lodash.isarray-3.0.4.tgz",
      "integrity": "sha1-eeTriMNqgSKvhvhEqpvNhRtfu1U="
    },
    "lodash.keys": {
      "version": "3.1.2",
      "resolved": "https://registry.npmjs.org/lodash.keys/-/lodash.keys-3.1.2.tgz",
      "integrity": "sha1-TbwEcrFWvlCgsoaFXRvQsMZWCYo=",
      "requires": {
        "lodash._getnative": "^3.0.0",
        "lodash.isarguments": "^3.0.0",
        "lodash.isarray": "^3.0.0"
      }
    },
    "lodash.upperfirst": {
      "version": "4.3.1",
      "resolved": "https://registry.npmjs.org/lodash.upperfirst/-/lodash.upperfirst-4.3.1.tgz",
      "integrity": "sha1-E2Xt9DFIBIHvDRxolXpe2Z1J984="
    },
    "loose-envify": {
      "version": "1.4.0",
      "resolved": "https://registry.npmjs.org/loose-envify/-/loose-envify-1.4.0.tgz",
      "integrity": "sha512-lyuxPGr/Wfhrlem2CL/UcnUc1zcqKAImBDzukY7Y5F/yQiNdko6+fRLevlw1HgMySw7f611UIY408EtxRSoK3Q==",
      "requires": {
        "js-tokens": "^3.0.0 || ^4.0.0"
      }
    },
    "object-assign": {
      "version": "4.1.1",
      "resolved": "https://registry.npmjs.org/object-assign/-/object-assign-4.1.1.tgz",
      "integrity": "sha1-IQmtx5ZYh8/AXLvUQsrIv7s2CGM="
    },
    "pcln-design-system": {
      "version": "2.5.2",
      "resolved": "https://registry.npmjs.org/pcln-design-system/-/pcln-design-system-2.5.2.tgz",
      "integrity": "sha512-2udLaLlDVR4x4HmXTFMbn49plvKvuLQtyfFPn5TPmNp0LQRxyI/mgzXC3Fv3TGn0qMKMk+n4duxsEWlvYkL5Kw==",
      "requires": {
        "deepmerge": "^4.0.0",
        "pcln-icons": "^2.2.0",
        "prop-types": "^15.7.2",
        "styled-system": "^3.2.1"
      },
      "dependencies": {
        "prop-types": {
          "version": "15.7.2",
          "resolved": "https://registry.npmjs.org/prop-types/-/prop-types-15.7.2.tgz",
          "integrity": "sha512-8QQikdH7//R2vurIJSutZ1smHYTcLpRWEOlHnzcWHmBYrOGUysKwSsrC89BCiFj3CbrfJ/nXFdJepOVrY1GCHQ==",
          "requires": {
            "loose-envify": "^1.4.0",
            "object-assign": "^4.1.1",
            "react-is": "^16.8.1"
          }
        }
      }
    },
    "pcln-icons": {
      "version": "2.2.2",
      "resolved": "https://registry.npmjs.org/pcln-icons/-/pcln-icons-2.2.2.tgz",
      "integrity": "sha512-P4yjUh3xjqs2foqzG4THz9a7XYriXF1vnP1faX8pECzI2d+4bR4G8CJ4CEjkd2ggNUjpRnyoJx3fEOXibRE9cw==",
      "requires": {
        "lodash.upperfirst": "^4.3.1",
        "prop-types": "^15.7.2",
        "styled-system": "^3.2.1"
      },
      "dependencies": {
        "prop-types": {
          "version": "15.7.2",
          "resolved": "https://registry.npmjs.org/prop-types/-/prop-types-15.7.2.tgz",
          "integrity": "sha512-8QQikdH7//R2vurIJSutZ1smHYTcLpRWEOlHnzcWHmBYrOGUysKwSsrC89BCiFj3CbrfJ/nXFdJepOVrY1GCHQ==",
          "requires": {
            "loose-envify": "^1.4.0",
            "object-assign": "^4.1.1",
            "react-is": "^16.8.1"
          }
        }
      }
    },
    "pcln-modal": {
      "version": "2.1.1",
      "resolved": "https://registry.npmjs.org/pcln-modal/-/pcln-modal-2.1.1.tgz",
      "integrity": "sha512-JTaXcoEwPx5zPWPu3ciEH9GhkCJornostJfaXpIXMqxsCUbucPukx1P3nLHp20uqIWIEtEZKzqodRgeRhnIN7w==",
      "requires": {
        "@reach/dialog": "^0.1.2",
        "react-transition-group": "^2.5.3"
      }
    },
    "pcln-slider": {
      "version": "2.2.0",
      "resolved": "https://registry.npmjs.org/pcln-slider/-/pcln-slider-2.2.0.tgz",
      "integrity": "sha512-s9nCctQdEqIzoLuRgSYmORIfP8iukNHl7hlcceUA60F4zrxOEu44wSiNQxze2BYricmKbh3U339A4OY0Igrhsw==",
      "requires": {
        "classnames": "^2.2.5",
        "prop-types": "^15.5.4",
        "rc-tooltip": "^3.7.0",
        "rc-util": "^4.0.4",
        "shallowequal": "^1.0.1",
        "styled-system": "^3.2.1",
        "warning": "^4.0.3"
      },
      "dependencies": {
        "prop-types": {
          "version": "15.7.2",
          "resolved": "https://registry.npmjs.org/prop-types/-/prop-types-15.7.2.tgz",
          "integrity": "sha512-8QQikdH7//R2vurIJSutZ1smHYTcLpRWEOlHnzcWHmBYrOGUysKwSsrC89BCiFj3CbrfJ/nXFdJepOVrY1GCHQ==",
          "requires": {
            "loose-envify": "^1.4.0",
            "object-assign": "^4.1.1",
            "react-is": "^16.8.1"
          }
        }
      }
    },
    "performance-now": {
      "version": "2.1.0",
      "resolved": "https://registry.npmjs.org/performance-now/-/performance-now-2.1.0.tgz",
      "integrity": "sha1-Ywn04OX6kT7BxpMHrjZLSzd8nns="
    },
    "raf": {
      "version": "3.4.1",
      "resolved": "https://registry.npmjs.org/raf/-/raf-3.4.1.tgz",
      "integrity": "sha512-Sq4CW4QhwOHE8ucn6J34MqtZCeWFP2aQSmrlroYgqAV1PjStIhJXxYuTgUIfkEk7zTLjmIjLmU5q+fbD1NnOJA==",
      "requires": {
        "performance-now": "^2.1.0"
      }
    },
    "rc-align": {
      "version": "2.4.5",
      "resolved": "https://registry.npmjs.org/rc-align/-/rc-align-2.4.5.tgz",
      "integrity": "sha512-nv9wYUYdfyfK+qskThf4BQUSIadeI/dCsfaMZfNEoxm9HwOIioQ+LyqmMK6jWHAZQgOzMLaqawhuBXlF63vgjw==",
      "requires": {
        "babel-runtime": "^6.26.0",
        "dom-align": "^1.7.0",
        "prop-types": "^15.5.8",
        "rc-util": "^4.0.4"
      },
      "dependencies": {
        "prop-types": {
          "version": "15.7.2",
          "resolved": "https://registry.npmjs.org/prop-types/-/prop-types-15.7.2.tgz",
          "integrity": "sha512-8QQikdH7//R2vurIJSutZ1smHYTcLpRWEOlHnzcWHmBYrOGUysKwSsrC89BCiFj3CbrfJ/nXFdJepOVrY1GCHQ==",
          "requires": {
            "loose-envify": "^1.4.0",
            "object-assign": "^4.1.1",
            "react-is": "^16.8.1"
          }
        }
      }
    },
    "rc-animate": {
      "version": "2.10.1",
      "resolved": "https://registry.npmjs.org/rc-animate/-/rc-animate-2.10.1.tgz",
      "integrity": "sha512-yfP3g5fNf8wB5eh85nim2IGrqNu5u7TKrrSh710+1vlUqZvnI2R5YHK99IBCQNgkLCAWjT0sHtkcYdynjly39w==",
      "requires": {
        "babel-runtime": "6.x",
        "classnames": "^2.2.6",
        "css-animation": "^1.3.2",
        "prop-types": "15.x",
        "raf": "^3.4.0",
        "rc-util": "^4.8.0",
        "react-lifecycles-compat": "^3.0.4"
      },
      "dependencies": {
        "prop-types": {
          "version": "15.7.2",
          "resolved": "https://registry.npmjs.org/prop-types/-/prop-types-15.7.2.tgz",
          "integrity": "sha512-8QQikdH7//R2vurIJSutZ1smHYTcLpRWEOlHnzcWHmBYrOGUysKwSsrC89BCiFj3CbrfJ/nXFdJepOVrY1GCHQ==",
          "requires": {
            "loose-envify": "^1.4.0",
            "object-assign": "^4.1.1",
            "react-is": "^16.8.1"
          }
        }
      }
    },
    "rc-tooltip": {
      "version": "3.7.3",
      "resolved": "https://registry.npmjs.org/rc-tooltip/-/rc-tooltip-3.7.3.tgz",
      "integrity": "sha512-dE2ibukxxkrde7wH9W8ozHKUO4aQnPZ6qBHtrTH9LoO836PjDdiaWO73fgPB05VfJs9FbZdmGPVEbXCeOP99Ww==",
      "requires": {
        "babel-runtime": "6.x",
        "prop-types": "^15.5.8",
        "rc-trigger": "^2.2.2"
      },
      "dependencies": {
        "prop-types": {
          "version": "15.7.2",
          "resolved": "https://registry.npmjs.org/prop-types/-/prop-types-15.7.2.tgz",
          "integrity": "sha512-8QQikdH7//R2vurIJSutZ1smHYTcLpRWEOlHnzcWHmBYrOGUysKwSsrC89BCiFj3CbrfJ/nXFdJepOVrY1GCHQ==",
          "requires": {
            "loose-envify": "^1.4.0",
            "object-assign": "^4.1.1",
            "react-is": "^16.8.1"
          }
        }
      }
    },
    "rc-trigger": {
      "version": "2.6.5",
      "resolved": "https://registry.npmjs.org/rc-trigger/-/rc-trigger-2.6.5.tgz",
      "integrity": "sha512-m6Cts9hLeZWsTvWnuMm7oElhf+03GOjOLfTuU0QmdB9ZrW7jR2IpI5rpNM7i9MvAAlMAmTx5Zr7g3uu/aMvZAw==",
      "requires": {
        "babel-runtime": "6.x",
        "classnames": "^2.2.6",
        "prop-types": "15.x",
        "rc-align": "^2.4.0",
        "rc-animate": "2.x",
        "rc-util": "^4.4.0",
        "react-lifecycles-compat": "^3.0.4"
      },
      "dependencies": {
        "prop-types": {
          "version": "15.7.2",
          "resolved": "https://registry.npmjs.org/prop-types/-/prop-types-15.7.2.tgz",
          "integrity": "sha512-8QQikdH7//R2vurIJSutZ1smHYTcLpRWEOlHnzcWHmBYrOGUysKwSsrC89BCiFj3CbrfJ/nXFdJepOVrY1GCHQ==",
          "requires": {
            "loose-envify": "^1.4.0",
            "object-assign": "^4.1.1",
            "react-is": "^16.8.1"
          }
        }
      }
    },
    "rc-util": {
      "version": "4.13.0",
      "resolved": "https://registry.npmjs.org/rc-util/-/rc-util-4.13.0.tgz",
      "integrity": "sha512-rjfPy+afc2n40APHp6GYScXfgwHuUnYLz/4SCEWRaF8CHXKR8xw598LtPA36J3fEXENuMm6liO/CoKBoSrYCDw==",
      "requires": {
        "add-dom-event-listener": "^1.1.0",
        "babel-runtime": "6.x",
        "prop-types": "^15.5.10",
        "react-lifecycles-compat": "^3.0.4",
        "shallowequal": "^0.2.2"
      },
      "dependencies": {
        "prop-types": {
          "version": "15.7.2",
          "resolved": "https://registry.npmjs.org/prop-types/-/prop-types-15.7.2.tgz",
          "integrity": "sha512-8QQikdH7//R2vurIJSutZ1smHYTcLpRWEOlHnzcWHmBYrOGUysKwSsrC89BCiFj3CbrfJ/nXFdJepOVrY1GCHQ==",
          "requires": {
            "loose-envify": "^1.4.0",
            "object-assign": "^4.1.1",
            "react-is": "^16.8.1"
          }
        },
        "shallowequal": {
          "version": "0.2.2",
          "resolved": "https://registry.npmjs.org/shallowequal/-/shallowequal-0.2.2.tgz",
          "integrity": "sha1-HjL9W8q2rWiKSBLLDMBO/HXHAU4=",
          "requires": {
            "lodash.keys": "^3.1.2"
          }
        }
      }
    },
    "react-is": {
      "version": "16.10.2",
      "resolved": "https://registry.npmjs.org/react-is/-/react-is-16.10.2.tgz",
      "integrity": "sha512-INBT1QEgtcCCgvccr5/86CfD71fw9EPmDxgiJX4I2Ddr6ZsV6iFXsuby+qWJPtmNuMY0zByTsG4468P7nHuNWA=="
    },
    "react-lifecycles-compat": {
      "version": "3.0.4",
      "resolved": "https://registry.npmjs.org/react-lifecycles-compat/-/react-lifecycles-compat-3.0.4.tgz",
      "integrity": "sha512-fBASbA6LnOU9dOU2eW7aQ8xmYBSXUIWr+UmF9b1efZBazGNO+rcXT/icdKnYm2pTwcRylVUYwW7H1PHfLekVzA=="
    },
    "react-transition-group": {
      "version": "2.9.0",
      "resolved": "https://registry.npmjs.org/react-transition-group/-/react-transition-group-2.9.0.tgz",
      "integrity": "sha512-+HzNTCHpeQyl4MJ/bdE0u6XRMe9+XG/+aL4mCxVN4DnPBQ0/5bfHWPDuOZUzYdMj94daZaZdCCc1Dzt9R/xSSg==",
      "requires": {
        "dom-helpers": "^3.4.0",
        "loose-envify": "^1.4.0",
        "prop-types": "^15.6.2",
        "react-lifecycles-compat": "^3.0.4"
      },
      "dependencies": {
        "prop-types": {
          "version": "15.7.2",
          "resolved": "https://registry.npmjs.org/prop-types/-/prop-types-15.7.2.tgz",
          "integrity": "sha512-8QQikdH7//R2vurIJSutZ1smHYTcLpRWEOlHnzcWHmBYrOGUysKwSsrC89BCiFj3CbrfJ/nXFdJepOVrY1GCHQ==",
          "requires": {
            "loose-envify": "^1.4.0",
            "object-assign": "^4.1.1",
            "react-is": "^16.8.1"
          }
        }
      }
    },
    "regenerator-runtime": {
      "version": "0.13.3",
      "resolved": "https://registry.npmjs.org/regenerator-runtime/-/regenerator-runtime-0.13.3.tgz",
      "integrity": "sha512-naKIZz2GQ8JWh///G7L3X6LaQUAMp2lvb1rvwwsURe/VXwD6VMfr+/1NuNw3ag8v2kY1aQ/go5SNn79O9JU7yw=="
    },
    "shallowequal": {
      "version": "1.1.0",
      "resolved": "https://registry.npmjs.org/shallowequal/-/shallowequal-1.1.0.tgz",
      "integrity": "sha512-y0m1JoUZSlPAjXVtPPW70aZWfIL/dSP7AFkRnniLCrK/8MDKog3TySTBmckD+RObVxH0v4Tox67+F14PdED2oQ=="
    },
    "styled-system": {
      "version": "3.2.1",
      "resolved": "https://registry.npmjs.org/styled-system/-/styled-system-3.2.1.tgz",
      "integrity": "sha512-ag0Yp7UeVHHc3t+1uM3jvlljaZYzwqpbJ8hMrFvpaKfUd8xsB9JeQXLwMpEsz8iLx8Lz/+9j0coWFZjmw8MogQ==",
      "requires": {
        "@babel/runtime": "^7.1.2",
        "prop-types": "^15.6.2"
      },
      "dependencies": {
        "prop-types": {
          "version": "15.7.2",
          "resolved": "https://registry.npmjs.org/prop-types/-/prop-types-15.7.2.tgz",
          "integrity": "sha512-8QQikdH7//R2vurIJSutZ1smHYTcLpRWEOlHnzcWHmBYrOGUysKwSsrC89BCiFj3CbrfJ/nXFdJepOVrY1GCHQ==",
          "requires": {
            "loose-envify": "^1.4.0",
            "object-assign": "^4.1.1",
            "react-is": "^16.8.1"
          }
        }
      }
    },
    "tabbable": {
      "version": "3.1.2",
      "resolved": "https://registry.npmjs.org/tabbable/-/tabbable-3.1.2.tgz",
      "integrity": "sha512-wjB6puVXTYO0BSFtCmWQubA/KIn7Xvajw0x0l6eJUudMG/EAiJvIUnyNX6xO4NpGrJ16lbD0eUseB9WxW0vlpQ=="
    },
    "warning": {
      "version": "4.0.3",
      "resolved": "https://registry.npmjs.org/warning/-/warning-4.0.3.tgz",
      "integrity": "sha512-rpJyN222KWIvHJ/F53XSZv0Zl/accqHR8et1kpaMTD/fLCRxtV8iX8czMzY7sVZupTI3zcUTg8eycS2kNF9l6w==",
      "requires": {
        "loose-envify": "^1.0.0"
      }
    },
    "xtend": {
      "version": "4.0.2",
      "resolved": "https://registry.npmjs.org/xtend/-/xtend-4.0.2.tgz",
      "integrity": "sha512-LKYU1iAXJXUgAXn9URjiu+MWhyUXHsvfp7mcuYm9dSUKK0/CjtrUwFAxD82/mCWbtLsGjFIad0wIsod4zrTAEQ=="
    }
  }
}
